
Microsoft Visual Studio Solution File, Format Version 12.00
# Visual Studio Version 17
VisualStudioVersion = 17.0.31903.59
MinimumVisualStudioVersion = 10.0.40219.1
Project("{2150E333-8FDC-42A3-9474-1A3956D46DE8}") = "src", "src", "{F1DCAA3A-1C63-490F-A165-4C11373A3859}"
EndProject
Project("{FAE04EC0-301F-11D3-BF4B-00C04F79EFBC}") = "Api", "src\Api\Api.csproj", "{3B86E389-E824-430B-A067-ED437A1A46DE}"
EndProject
Global
	GlobalSection(SolutionConfigurationPlatforms) = preSolution
		Debug|Any CPU = Debug|Any CPU
		Release|Any CPU = Release|Any CPU
	EndGlobalSection
	GlobalSection(SolutionProperties) = preSolution
		HideSolutionNode = FALSE
	EndGlobalSection
	GlobalSection(ProjectConfigurationPlatforms) = postSolution
		{3B86E389-E824-430B-A067-ED437A1A46DE}.Debug|Any CPU.ActiveCfg = Debug|Any CPU
		{3B86E389-E824-430B-A067-ED437A1A46DE}.Debug|Any CPU.Build.0 = Debug|Any CPU
		{3B86E389-E824-430B-A067-ED437A1A46DE}.Release|Any CPU.ActiveCfg = Release|Any CPU
		{3B86E389-E824-430B-A067-ED437A1A46DE}.Release|Any CPU.Build.0 = Release|Any CPU
	EndGlobalSection
	GlobalSection(NestedProjects) = preSolution
		{3B86E389-E824-430B-A067-ED437A1A46DE} = {F1DCAA3A-1C63-490F-A165-4C11373A3859}
	EndGlobalSection
EndGlobal
